
Microsoft Visual Studio Solution File, Format Version 12.00
# Visual Studio Version 17
VisualStudioVersion = 17.1.32407.343
MinimumVisualStudioVersion = 10.0.40219.1
Project("{FAE04EC0-301F-11D3-BF4B-00C04F79EFBC}") = "Ejercicios  c", "Ejercicios  c\Ejercicios  c.csproj", "{3DB76AA7-0D51-44DD-96BA-A8944B0F2C9A}"
EndProject
Global
	GlobalSection(SolutionConfigurationPlatforms) = preSolution
		Debug|Any CPU = Debug|Any CPU
		Release|Any CPU = Release|Any CPU
	EndGlobalSection
	GlobalSection(ProjectConfigurationPlatforms) = postSolution
		{3DB76AA7-0D51-44DD-96BA-A8944B0F2C9A}.Debug|Any CPU.ActiveCfg = Debug|Any CPU
		{3DB76AA7-0D51-44DD-96BA-A8944B0F2C9A}.Debug|Any CPU.Build.0 = Debug|Any CPU
		{3DB76AA7-0D51-44DD-96BA-A8944B0F2C9A}.Release|Any CPU.ActiveCfg = Release|Any CPU
		{3DB76AA7-0D51-44DD-96BA-A8944B0F2C9A}.Release|Any CPU.Build.0 = Release|Any CPU
	EndGlobalSection
	GlobalSection(SolutionProperties) = preSolution
		HideSolutionNode = FALSE
	EndGlobalSection
	GlobalSection(ExtensibilityGlobals) = postSolution
		SolutionGuid = {5127596F-B33F-4143-A838-8019D2D05C38}
	EndGlobalSection
EndGlobal
